
Microsoft Visual Studio Solution File, Format Version 12.00
# Visual Studio Version 16
VisualStudioVersion = 16.0.31025.194
MinimumVisualStudioVersion = 10.0.40219.1
Project("{FAE04EC0-301F-11D3-BF4B-00C04F79EFBC}") = "School", "School\School.csproj", "{67AF8E17-F835-44BC-A5BA-DC9B809C40EB}"
EndProject
Global
	GlobalSection(SolutionConfigurationPlatforms) = preSolution
		Debug|Any CPU = Debug|Any CPU
		Release|Any CPU = Release|Any CPU
	EndGlobalSection
	GlobalSection(ProjectConfigurationPlatforms) = postSolution
		{67AF8E17-F835-44BC-A5BA-DC9B809C40EB}.Debug|Any CPU.ActiveCfg = Debug|Any CPU
		{67AF8E17-F835-44BC-A5BA-DC9B809C40EB}.Debug|Any CPU.Build.0 = Debug|Any CPU
		{67AF8E17-F835-44BC-A5BA-DC9B809C40EB}.Release|Any CPU.ActiveCfg = Release|Any CPU
		{67AF8E17-F835-44BC-A5BA-DC9B809C40EB}.Release|Any CPU.Build.0 = Release|Any CPU
	EndGlobalSection
	GlobalSection(SolutionProperties) = preSolution
		HideSolutionNode = FALSE
	EndGlobalSection
	GlobalSection(ExtensibilityGlobals) = postSolution
		SolutionGuid = {2A1C8C79-FA3D-4715-B54A-70F23C8D7431}
	EndGlobalSection
EndGlobal
